
Microsoft Visual Studio Solution File, Format Version 12.00
# Visual Studio Version 16
VisualStudioVersion = 16.0.30114.105
MinimumVisualStudioVersion = 10.0.40219.1
Project("{FAE04EC0-301F-11D3-BF4B-00C04F79EFBC}") = "HerançaEPolimorfismo", "HerançaEPolimorfismo\HerançaEPolimorfismo.csproj", "{2DF2FA93-E486-4C74-9124-E31EAEBFCE1A}"
EndProject
Global
	GlobalSection(SolutionConfigurationPlatforms) = preSolution
		Debug|Any CPU = Debug|Any CPU
		Release|Any CPU = Release|Any CPU
	EndGlobalSection
	GlobalSection(ProjectConfigurationPlatforms) = postSolution
		{2DF2FA93-E486-4C74-9124-E31EAEBFCE1A}.Debug|Any CPU.ActiveCfg = Debug|Any CPU
		{2DF2FA93-E486-4C74-9124-E31EAEBFCE1A}.Debug|Any CPU.Build.0 = Debug|Any CPU
		{2DF2FA93-E486-4C74-9124-E31EAEBFCE1A}.Release|Any CPU.ActiveCfg = Release|Any CPU
		{2DF2FA93-E486-4C74-9124-E31EAEBFCE1A}.Release|Any CPU.Build.0 = Release|Any CPU
	EndGlobalSection
	GlobalSection(SolutionProperties) = preSolution
		HideSolutionNode = FALSE
	EndGlobalSection
	GlobalSection(ExtensibilityGlobals) = postSolution
		SolutionGuid = {6AD70D0C-C188-4A35-81D6-10CD85A0985A}
	EndGlobalSection
EndGlobal
